// !$*UTF8*$!
{
	archiveVersion = 1;
	classes = {
	};
	objectVersion = 51;
	objects = {

/* Begin PBXBuildFile section */
		D0655947A9CF0CDD85866E29 /* Pods_AIR1912.framework in Frameworks */ = {isa = PBXBuildFile; fileRef = 0702C62035766E8AC911DBD4 /* Pods_AIR1912.framework */; };
		ED35F611237560D8009ED574 /* AppDelegate.swift in Sources */ = {isa = PBXBuildFile; fileRef = ED35F610237560D8009ED574 /* AppDelegate.swift */; };
		ED35F613237560D8009ED574 /* SceneDelegate.swift in Sources */ = {isa = PBXBuildFile; fileRef = ED35F612237560D8009ED574 /* SceneDelegate.swift */; };
		ED35F615237560D8009ED574 /* ViewController.swift in Sources */ = {isa = PBXBuildFile; fileRef = ED35F614237560D8009ED574 /* ViewController.swift */; };
		ED35F618237560D8009ED574 /* Main.storyboard in Resources */ = {isa = PBXBuildFile; fileRef = ED35F616237560D8009ED574 /* Main.storyboard */; };
		ED35F61B237560D8009ED574 /* AIR1912.xcdatamodeld in Sources */ = {isa = PBXBuildFile; fileRef = ED35F619237560D8009ED574 /* AIR1912.xcdatamodeld */; };
		ED35F61D237560DC009ED574 /* Assets.xcassets in Resources */ = {isa = PBXBuildFile; fileRef = ED35F61C237560DC009ED574 /* Assets.xcassets */; };
		ED35F620237560DC009ED574 /* LaunchScreen.storyboard in Resources */ = {isa = PBXBuildFile; fileRef = ED35F61E237560DC009ED574 /* LaunchScreen.storyboard */; };
/* End PBXBuildFile section */

/* Begin PBXFileReference section */
		0702C62035766E8AC911DBD4 /* Pods_AIR1912.framework */ = {isa = PBXFileReference; explicitFileType = wrapper.framework; includeInIndex = 0; path = Pods_AIR1912.framework; sourceTree = BUILT_PRODUCTS_DIR; };
		949424CDCE90C8DF2A9D94EF /* Pods-AIR1912.release.xcconfig */ = {isa = PBXFileReference; includeInIndex = 1; lastKnownFileType = text.xcconfig; name = "Pods-AIR1912.release.xcconfig"; path = "Target Support Files/Pods-AIR1912/Pods-AIR1912.release.xcconfig"; sourceTree = "<group>"; };
		CD0D060BD77CBC12E7F44CDE /* Pods-AIR1912.debug.xcconfig */ = {isa = PBXFileReference; includeInIndex = 1; lastKnownFileType = text.xcconfig; name = "Pods-AIR1912.debug.xcconfig"; path = "Target Support Files/Pods-AIR1912/Pods-AIR1912.debug.xcconfig"; sourceTree = "<group>"; };
		ED35F60D237560D8009ED574 /* AIR1912.app */ = {isa = PBXFileReference; explicitFileType = wrapper.application; includeInIndex = 0; path = AIR1912.app; sourceTree = BUILT_PRODUCTS_DIR; };
		ED35F610237560D8009ED574 /* AppDelegate.swift */ = {isa = PBXFileReference; lastKnownFileType = sourcecode.swift; path = AppDelegate.swift; sourceTree = "<group>"; };
		ED35F612237560D8009ED574 /* SceneDelegate.swift */ = {isa = PBXFileReference; lastKnownFileType = sourcecode.swift; path = SceneDelegate.swift; sourceTree = "<group>"; };
		ED35F614237560D8009ED574 /* ViewController.swift */ = {isa = PBXFileReference; lastKnownFileType = sourcecode.swift; path = ViewController.swift; sourceTree = "<group>"; };
		ED35F617237560D8009ED574 /* Base */ = {isa = PBXFileReference; lastKnownFileType = file.storyboard; name = Base; path = Base.lproj/Main.storyboard; sourceTree = "<group>"; };
		ED35F61A237560D8009ED574 /* AIR1912.xcdatamodel */ = {isa = PBXFileReference; lastKnownFileType = wrapper.xcdatamodel; path = AIR1912.xcdatamodel; sourceTree = "<group>"; };
		ED35F61C237560DC009ED574 /* Assets.xcassets */ = {isa = PBXFileReference; lastKnownFileType = folder.assetcatalog; path = Assets.xcassets; sourceTree = "<group>"; };
		ED35F61F237560DC009ED574 /* Base */ = {isa = PBXFileReference; lastKnownFileType = file.storyboard; name = Base; path = Base.lproj/LaunchScreen.storyboard; sourceTree = "<group>"; };
		ED35F621237560DC009ED574 /* Info.plist */ = {isa = PBXFileReference; lastKnownFileType = text.plist.xml; path = Info.plist; sourceTree = "<group>"; };
/* End PBXFileReference section */

/* Begin PBXFrameworksBuildPhase section */
		ED35F60A237560D8009ED574 /* Frameworks */ = {
			isa = PBXFrameworksBuildPhase;
			buildActionMask = 2147483647;
			files = (
				D0655947A9CF0CDD85866E29 /* Pods_AIR1912.framework in Frameworks */,
			);
			runOnlyForDeploymentPostprocessing = 0;
		};
/* End PBXFrameworksBuildPhase section */

/* Begin PBXGroup section */
		342B4F404C37ACA2F05AFD84 /* Frameworks */ = {
			isa = PBXGroup;
			children = (
				0702C62035766E8AC911DBD4 /* Pods_AIR1912.framework */,
			);
			name = Frameworks;
			sourceTree = "<group>";
		};
		D4599444072A6E24183574A5 /* Pods */ = {
			isa = PBXGroup;
			children = (
				CD0D060BD77CBC12E7F44CDE /* Pods-AIR1912.debug.xcconfig */,
				949424CDCE90C8DF2A9D94EF /* Pods-AIR1912.release.xcconfig */,
			);
			path = Pods;
			sourceTree = "<group>";
		};
		ED13FF4D23788AF200E3402C /* Models */ = {
			isa = PBXGroup;
			children = (
			);
			path = Models;
			sourceTree = "<group>";
		};
		ED13FF4E23788B0200E3402C /* Utilities */ = {
			isa = PBXGroup;
			children = (
			);
			path = Utilities;
			sourceTree = "<group>";
		};
		ED13FF4F23788B0E00E3402C /* Services */ = {
			isa = PBXGroup;
			children = (
			);
			path = Services;
			sourceTree = "<group>";
		};
		ED13FF5023788B2F00E3402C /* Extensions */ = {
			isa = PBXGroup;
			children = (
			);
			path = Extensions;
			sourceTree = "<group>";
		};
		ED13FF5123788B9400E3402C /* Resources */ = {
			isa = PBXGroup;
			children = (
				ED35F621237560DC009ED574 /* Info.plist */,
				ED35F61C237560DC009ED574 /* Assets.xcassets */,
				ED35F619237560D8009ED574 /* AIR1912.xcdatamodeld */,
				ED13FF5223788BC100E3402C /* Storyboards */,
			);
			path = Resources;
			sourceTree = "<group>";
		};
		ED13FF5223788BC100E3402C /* Storyboards */ = {
			isa = PBXGroup;
			children = (
				ED35F61E237560DC009ED574 /* LaunchScreen.storyboard */,
			);
			path = Storyboards;
			sourceTree = "<group>";
		};
		ED35F604237560D8009ED574 = {
			isa = PBXGroup;
			children = (
				ED35F60F237560D8009ED574 /* AIR1912 */,
				ED35F60E237560D8009ED574 /* Products */,
				D4599444072A6E24183574A5 /* Pods */,
				342B4F404C37ACA2F05AFD84 /* Frameworks */,
			);
			sourceTree = "<group>";
		};
		ED35F60E237560D8009ED574 /* Products */ = {
			isa = PBXGroup;
			children = (
				ED35F60D237560D8009ED574 /* AIR1912.app */,
			);
			name = Products;
			sourceTree = "<group>";
		};
		ED35F60F237560D8009ED574 /* AIR1912 */ = {
			isa = PBXGroup;
			children = (
				ED3F51E22375616500A2F370 /* App */,
				ED3F51E32375616D00A2F370 /* Common */,
				ED56B4ED2375672E00BD4821 /* Modules */,
				ED13FF5123788B9400E3402C /* Resources */,
			);
			path = AIR1912;
			sourceTree = "<group>";
		};
		ED3F51E22375616500A2F370 /* App */ = {
			isa = PBXGroup;
			children = (
				ED35F610237560D8009ED574 /* AppDelegate.swift */,
				ED35F612237560D8009ED574 /* SceneDelegate.swift */,
			);
			path = App;
			sourceTree = "<group>";
		};
		ED3F51E32375616D00A2F370 /* Common */ = {
			isa = PBXGroup;
			children = (
				ED13FF4D23788AF200E3402C /* Models */,
				ED13FF4E23788B0200E3402C /* Utilities */,
				ED13FF4F23788B0E00E3402C /* Services */,
				ED13FF5023788B2F00E3402C /* Extensions */,
			);
			path = Common;
			sourceTree = "<group>";
		};
		ED3F51E52375622200A2F370 /* Login */ = {
			isa = PBXGroup;
			children = (
				ED35F614237560D8009ED574 /* ViewController.swift */,
				ED35F616237560D8009ED574 /* Main.storyboard */,
			);
			path = Login;
			sourceTree = "<group>";
		};
		ED3F51E62375622A00A2F370 /* SignUp */ = {
			isa = PBXGroup;
			children = (
			);
			path = SignUp;
			sourceTree = "<group>";
		};
		ED3F51E72375623200A2F370 /* Tutorial */ = {
			isa = PBXGroup;
			children = (
			);
			path = Tutorial;
			sourceTree = "<group>";
		};
		ED56B4ED2375672E00BD4821 /* Modules */ = {
			isa = PBXGroup;
			children = (
				ED3F51E72375623200A2F370 /* Tutorial */,
				ED3F51E62375622A00A2F370 /* SignUp */,
				ED3F51E52375622200A2F370 /* Login */,
			);
			path = Modules;
			sourceTree = "<group>";
		};
/* End PBXGroup section */

/* Begin PBXNativeTarget section */
		ED35F60C237560D8009ED574 /* AIR1912 */ = {
			isa = PBXNativeTarget;
			buildConfigurationList = ED35F624237560DC009ED574 /* Build configuration list for PBXNativeTarget "AIR1912" */;
			buildPhases = (
				09F5056E942587DC053CF59B /* [CP] Check Pods Manifest.lock */,
				ED35F609237560D8009ED574 /* Sources */,
				ED35F60A237560D8009ED574 /* Frameworks */,
				ED35F60B237560D8009ED574 /* Resources */,
				634743414F3CBF3ABFD88DE5 /* [CP] Embed Pods Frameworks */,
			);
			buildRules = (
			);
			dependencies = (
			);
			name = AIR1912;
			productName = AIR1912;
			productReference = ED35F60D237560D8009ED574 /* AIR1912.app */;
			productType = "com.apple.product-type.application";
		};
/* End PBXNativeTarget section */

/* Begin PBXProject section */
		ED35F605237560D8009ED574 /* Project object */ = {
			isa = PBXProject;
			attributes = {
				LastSwiftUpdateCheck = 1120;
				LastUpgradeCheck = 1120;
				ORGANIZATIONNAME = "Leo Leljak";
				TargetAttributes = {
					ED35F60C237560D8009ED574 = {
						CreatedOnToolsVersion = 11.2;
					};
				};
			};
			buildConfigurationList = ED35F608237560D8009ED574 /* Build configuration list for PBXProject "AIR1912" */;
			compatibilityVersion = "Xcode 9.3";
			developmentRegion = en;
			hasScannedForEncodings = 0;
			knownRegions = (
				en,
				Base,
			);
			mainGroup = ED35F604237560D8009ED574;
			productRefGroup = ED35F60E237560D8009ED574 /* Products */;
			projectDirPath = "";
			projectRoot = "";
			targets = (
				ED35F60C237560D8009ED574 /* AIR1912 */,
			);
		};
/* End PBXProject section */

/* Begin PBXResourcesBuildPhase section */
		ED35F60B237560D8009ED574 /* Resources */ = {
			isa = PBXResourcesBuildPhase;
			buildActionMask = 2147483647;
			files = (
				ED35F620237560DC009ED574 /* LaunchScreen.storyboard in Resources */,
				ED35F61D237560DC009ED574 /* Assets.xcassets in Resources */,
				ED35F618237560D8009ED574 /* Main.storyboard in Resources */,
			);
			runOnlyForDeploymentPostprocessing = 0;
		};
/* End PBXResourcesBuildPhase section */

/* Begin PBXShellScriptBuildPhase section */
		09F5056E942587DC053CF59B /* [CP] Check Pods Manifest.lock */ = {
			isa = PBXShellScriptBuildPhase;
			buildActionMask = 2147483647;
			files = (
			);
			inputFileListPaths = (
			);
			inputPaths = (
				"${PODS_PODFILE_DIR_PATH}/Podfile.lock",
				"${PODS_ROOT}/Manifest.lock",
			);
			name = "[CP] Check Pods Manifest.lock";
			outputFileListPaths = (
			);
			outputPaths = (
				"$(DERIVED_FILE_DIR)/Pods-AIR1912-checkManifestLockResult.txt",
			);
			runOnlyForDeploymentPostprocessing = 0;
			shellPath = /bin/sh;
			shellScript = "diff \"${PODS_PODFILE_DIR_PATH}/Podfile.lock\" \"${PODS_ROOT}/Manifest.lock\" > /dev/null\nif [ $? != 0 ] ; then\n    # print error to STDERR\n    echo \"error: The sandbox is not in sync with the Podfile.lock. Run 'pod install' or update your CocoaPods installation.\" >&2\n    exit 1\nfi\n# This output is used by Xcode 'outputs' to avoid re-running this script phase.\necho \"SUCCESS\" > \"${SCRIPT_OUTPUT_FILE_0}\"\n";
			showEnvVarsInLog = 0;
		};
		634743414F3CBF3ABFD88DE5 /* [CP] Embed Pods Frameworks */ = {
			isa = PBXShellScriptBuildPhase;
			buildActionMask = 2147483647;
			files = (
			);
			inputFileListPaths = (
				"${PODS_ROOT}/Target Support Files/Pods-AIR1912/Pods-AIR1912-frameworks-${CONFIGURATION}-input-files.xcfilelist",
			);
			name = "[CP] Embed Pods Frameworks";
			outputFileListPaths = (
				"${PODS_ROOT}/Target Support Files/Pods-AIR1912/Pods-AIR1912-frameworks-${CONFIGURATION}-output-files.xcfilelist",
			);
			runOnlyForDeploymentPostprocessing = 0;
			shellPath = /bin/sh;
			shellScript = "\"${PODS_ROOT}/Target Support Files/Pods-AIR1912/Pods-AIR1912-frameworks.sh\"\n";
			showEnvVarsInLog = 0;
		};
/* End PBXShellScriptBuildPhase section */

/* Begin PBXSourcesBuildPhase section */
		ED35F609237560D8009ED574 /* Sources */ = {
			isa = PBXSourcesBuildPhase;
			buildActionMask = 2147483647;
			files = (
				ED35F615237560D8009ED574 /* ViewController.swift in Sources */,
				ED35F61B237560D8009ED574 /* AIR1912.xcdatamodeld in Sources */,
				ED35F611237560D8009ED574 /* AppDelegate.swift in Sources */,
				ED35F613237560D8009ED574 /* SceneDelegate.swift in Sources */,
			);
			runOnlyForDeploymentPostprocessing = 0;
		};
/* End PBXSourcesBuildPhase section */

/* Begin PBXVariantGroup section */
		ED35F616237560D8009ED574 /* Main.storyboard */ = {
			isa = PBXVariantGroup;
			children = (
				ED35F617237560D8009ED574 /* Base */,
			);
			name = Main.storyboard;
			sourceTree = "<group>";
		};
		ED35F61E237560DC009ED574 /* LaunchScreen.storyboard */ = {
			isa = PBXVariantGroup;
			children = (
				ED35F61F237560DC009ED574 /* Base */,
			);
			name = LaunchScreen.storyboard;
			sourceTree = "<group>";
		};
/* End PBXVariantGroup section */

/* Begin XCBuildConfiguration section */
		ED35F622237560DC009ED574 /* Debug */ = {
			isa = XCBuildConfiguration;
			buildSettings = {
				ALWAYS_SEARCH_USER_PATHS = NO;
				CLANG_ANALYZER_NONNULL = YES;
				CLANG_ANALYZER_NUMBER_OBJECT_CONVERSION = YES_AGGRESSIVE;
				CLANG_CXX_LANGUAGE_STANDARD = "gnu++14";
				CLANG_CXX_LIBRARY = "libc++";
				CLANG_ENABLE_MODULES = YES;
				CLANG_ENABLE_OBJC_ARC = YES;
				CLANG_ENABLE_OBJC_WEAK = YES;
				CLANG_WARN_BLOCK_CAPTURE_AUTORELEASING = YES;
				CLANG_WARN_BOOL_CONVERSION = YES;
				CLANG_WARN_COMMA = YES;
				CLANG_WARN_CONSTANT_CONVERSION = YES;
				CLANG_WARN_DEPRECATED_OBJC_IMPLEMENTATIONS = YES;
				CLANG_WARN_DIRECT_OBJC_ISA_USAGE = YES_ERROR;
				CLANG_WARN_DOCUMENTATION_COMMENTS = YES;
				CLANG_WARN_EMPTY_BODY = YES;
				CLANG_WARN_ENUM_CONVERSION = YES;
				CLANG_WARN_INFINITE_RECURSION = YES;
				CLANG_WARN_INT_CONVERSION = YES;
				CLANG_WARN_NON_LITERAL_NULL_CONVERSION = YES;
				CLANG_WARN_OBJC_IMPLICIT_RETAIN_SELF = YES;
				CLANG_WARN_OBJC_LITERAL_CONVERSION = YES;
				CLANG_WARN_OBJC_ROOT_CLASS = YES_ERROR;
				CLANG_WARN_RANGE_LOOP_ANALYSIS = YES;
				CLANG_WARN_STRICT_PROTOTYPES = YES;
				CLANG_WARN_SUSPICIOUS_MOVE = YES;
				CLANG_WARN_UNGUARDED_AVAILABILITY = YES_AGGRESSIVE;
				CLANG_WARN_UNREACHABLE_CODE = YES;
				CLANG_WARN__DUPLICATE_METHOD_MATCH = YES;
				COPY_PHASE_STRIP = NO;
				DEBUG_INFORMATION_FORMAT = dwarf;
				ENABLE_STRICT_OBJC_MSGSEND = YES;
				ENABLE_TESTABILITY = YES;
				GCC_C_LANGUAGE_STANDARD = gnu11;
				GCC_DYNAMIC_NO_PIC = NO;
				GCC_NO_COMMON_BLOCKS = YES;
				GCC_OPTIMIZATION_LEVEL = 0;
				GCC_PREPROCESSOR_DEFINITIONS = (
					"DEBUG=1",
					"$(inherited)",
				);
				GCC_WARN_64_TO_32_BIT_CONVERSION = YES;
				GCC_WARN_ABOUT_RETURN_TYPE = YES_ERROR;
				GCC_WARN_UNDECLARED_SELECTOR = YES;
				GCC_WARN_UNINITIALIZED_AUTOS = YES_AGGRESSIVE;
				GCC_WARN_UNUSED_FUNCTION = YES;
				GCC_WARN_UNUSED_VARIABLE = YES;
				IPHONEOS_DEPLOYMENT_TARGET = 13.0;
				MTL_ENABLE_DEBUG_INFO = INCLUDE_SOURCE;
				MTL_FAST_MATH = YES;
				ONLY_ACTIVE_ARCH = YES;
				SDKROOT = iphoneos;
				SWIFT_ACTIVE_COMPILATION_CONDITIONS = DEBUG;
				SWIFT_OPTIMIZATION_LEVEL = "-Onone";
			};
			name = Debug;
		};
		ED35F623237560DC009ED574 /* Release */ = {
			isa = XCBuildConfiguration;
			buildSettings = {
				ALWAYS_SEARCH_USER_PATHS = NO;
				CLANG_ANALYZER_NONNULL = YES;
				CLANG_ANALYZER_NUMBER_OBJECT_CONVERSION = YES_AGGRESSIVE;
				CLANG_CXX_LANGUAGE_STANDARD = "gnu++14";
				CLANG_CXX_LIBRARY = "libc++";
				CLANG_ENABLE_MODULES = YES;
				CLANG_ENABLE_OBJC_ARC = YES;
				CLANG_ENABLE_OBJC_WEAK = YES;
				CLANG_WARN_BLOCK_CAPTURE_AUTORELEASING = YES;
				CLANG_WARN_BOOL_CONVERSION = YES;
				CLANG_WARN_COMMA = YES;
				CLANG_WARN_CONSTANT_CONVERSION = YES;
				CLANG_WARN_DEPRECATED_OBJC_IMPLEMENTATIONS = YES;
				CLANG_WARN_DIRECT_OBJC_ISA_USAGE = YES_ERROR;
				CLANG_WARN_DOCUMENTATION_COMMENTS = YES;
				CLANG_WARN_EMPTY_BODY = YES;
				CLANG_WARN_ENUM_CONVERSION = YES;
				CLANG_WARN_INFINITE_RECURSION = YES;
				CLANG_WARN_INT_CONVERSION = YES;
				CLANG_WARN_NON_LITERAL_NULL_CONVERSION = YES;
				CLANG_WARN_OBJC_IMPLICIT_RETAIN_SELF = YES;
				CLANG_WARN_OBJC_LITERAL_CONVERSION = YES;
				CLANG_WARN_OBJC_ROOT_CLASS = YES_ERROR;
				CLANG_WARN_RANGE_LOOP_ANALYSIS = YES;
				CLANG_WARN_STRICT_PROTOTYPES = YES;
				CLANG_WARN_SUSPICIOUS_MOVE = YES;
				CLANG_WARN_UNGUARDED_AVAILABILITY = YES_AGGRESSIVE;
				CLANG_WARN_UNREACHABLE_CODE = YES;
				CLANG_WARN__DUPLICATE_METHOD_MATCH = YES;
				COPY_PHASE_STRIP = NO;
				DEBUG_INFORMATION_FORMAT = "dwarf-with-dsym";
				ENABLE_NS_ASSERTIONS = NO;
				ENABLE_STRICT_OBJC_MSGSEND = YES;
				GCC_C_LANGUAGE_STANDARD = gnu11;
				GCC_NO_COMMON_BLOCKS = YES;
				GCC_WARN_64_TO_32_BIT_CONVERSION = YES;
				GCC_WARN_ABOUT_RETURN_TYPE = YES_ERROR;
				GCC_WARN_UNDECLARED_SELECTOR = YES;
				GCC_WARN_UNINITIALIZED_AUTOS = YES_AGGRESSIVE;
				GCC_WARN_UNUSED_FUNCTION = YES;
				GCC_WARN_UNUSED_VARIABLE = YES;
				IPHONEOS_DEPLOYMENT_TARGET = 13.0;
				MTL_ENABLE_DEBUG_INFO = NO;
				MTL_FAST_MATH = YES;
				SDKROOT = iphoneos;
				SWIFT_COMPILATION_MODE = wholemodule;
				SWIFT_OPTIMIZATION_LEVEL = "-O";
				VALIDATE_PRODUCT = YES;
			};
			name = Release;
		};
		ED35F625237560DC009ED574 /* Debug */ = {
			isa = XCBuildConfiguration;
			baseConfigurationReference = CD0D060BD77CBC12E7F44CDE /* Pods-AIR1912.debug.xcconfig */;
			buildSettings = {
				ASSETCATALOG_COMPILER_APPICON_NAME = AppIcon;
				CODE_SIGN_STYLE = Automatic;
				DEVELOPMENT_TEAM = THHFHC5J4D;
				INFOPLIST_FILE = AIR1912/Info.plist;
				LD_RUNPATH_SEARCH_PATHS = (
					"$(inherited)",
					"@executable_path/Frameworks",
				);
				PRODUCT_BUNDLE_IDENTIFIER = com.foi.AIR1912;
				PRODUCT_NAME = "$(TARGET_NAME)";
				SWIFT_VERSION = 5.0;
				TARGETED_DEVICE_FAMILY = "1,2";
			};
			name = Debug;
		};
		ED35F626237560DC009ED574 /* Release */ = {
			isa = XCBuildConfiguration;
			baseConfigurationReference = 949424CDCE90C8DF2A9D94EF /* Pods-AIR1912.release.xcconfig */;
			buildSettings = {
				ASSETCATALOG_COMPILER_APPICON_NAME = AppIcon;
				CODE_SIGN_STYLE = Automatic;
				DEVELOPMENT_TEAM = THHFHC5J4D;
				INFOPLIST_FILE = AIR1912/Info.plist;
				LD_RUNPATH_SEARCH_PATHS = (
					"$(inherited)",
					"@executable_path/Frameworks",
				);
				PRODUCT_BUNDLE_IDENTIFIER = com.foi.AIR1912;
				PRODUCT_NAME = "$(TARGET_NAME)";
				SWIFT_VERSION = 5.0;
				TARGETED_DEVICE_FAMILY = "1,2";
			};
			name = Release;
		};
/* End XCBuildConfiguration section */

/* Begin XCConfigurationList section */
		ED35F608237560D8009ED574 /* Build configuration list for PBXProject "AIR1912" */ = {
			isa = XCConfigurationList;
			buildConfigurations = (
				ED35F622237560DC009ED574 /* Debug */,
				ED35F623237560DC009ED574 /* Release */,
			);
			defaultConfigurationIsVisible = 0;
			defaultConfigurationName = Release;
		};
		ED35F624237560DC009ED574 /* Build configuration list for PBXNativeTarget "AIR1912" */ = {
			isa = XCConfigurationList;
			buildConfigurations = (
				ED35F625237560DC009ED574 /* Debug */,
				ED35F626237560DC009ED574 /* Release */,
			);
			defaultConfigurationIsVisible = 0;
			defaultConfigurationName = Release;
		};
/* End XCConfigurationList section */

/* Begin XCVersionGroup section */
		ED35F619237560D8009ED574 /* AIR1912.xcdatamodeld */ = {
			isa = XCVersionGroup;
			children = (
				ED35F61A237560D8009ED574 /* AIR1912.xcdatamodel */,
			);
			currentVersion = ED35F61A237560D8009ED574 /* AIR1912.xcdatamodel */;
			path = AIR1912.xcdatamodeld;
			sourceTree = "<group>";
			versionGroupType = wrapper.xcdatamodel;
		};
/* End XCVersionGroup section */
	};
	rootObject = ED35F605237560D8009ED574 /* Project object */;
}
