// !$*UTF8*$!
{
	archiveVersion = 1;
	classes = {
	};
	objectVersion = 51;
	objects = {

/* Begin PBXBuildFile section */
		4212CC012385ACD300C53210 /* Game.swift in Sources */ = {isa = PBXBuildFile; fileRef = 4212CC002385ACD300C53210 /* Game.swift */; };
		421991782394130000CCAA89 /* ContentCollectionViewCell.swift in Sources */ = {isa = PBXBuildFile; fileRef = 421991772394130000CCAA89 /* ContentCollectionViewCell.swift */; };
		4219917A239413F800CCAA89 /* ContentViewController.swift in Sources */ = {isa = PBXBuildFile; fileRef = 42199179239413F800CCAA89 /* ContentViewController.swift */; };
		421D5CA3237DC3CC00C8AD1F /* User.swift in Sources */ = {isa = PBXBuildFile; fileRef = 421D5CA2237DC3CC00C8AD1F /* User.swift */; };
		421D5CA7237DCC6F00C8AD1F /* AuthService.swift in Sources */ = {isa = PBXBuildFile; fileRef = 421D5CA6237DCC6F00C8AD1F /* AuthService.swift */; };
		421D5CAA237DD16C00C8AD1F /* MovieProvider.swift in Sources */ = {isa = PBXBuildFile; fileRef = 421D5CA9237DD16C00C8AD1F /* MovieProvider.swift */; };
		421D5CAC237DD17700C8AD1F /* GameProvider.swift in Sources */ = {isa = PBXBuildFile; fileRef = 421D5CAB237DD17700C8AD1F /* GameProvider.swift */; };
		421D5CAE237DD18B00C8AD1F /* ContentProvider.swift in Sources */ = {isa = PBXBuildFile; fileRef = 421D5CAD237DD18B00C8AD1F /* ContentProvider.swift */; };
		421D5CB0237DD2D100C8AD1F /* Movie.swift in Sources */ = {isa = PBXBuildFile; fileRef = 421D5CAF237DD2D100C8AD1F /* Movie.swift */; };
		4221044F23902546005B1B25 /* Encodable.swift in Sources */ = {isa = PBXBuildFile; fileRef = 4221044E23902546005B1B25 /* Encodable.swift */; };
		423F05A423981C0400D92D76 /* ResponseError.swift in Sources */ = {isa = PBXBuildFile; fileRef = 423F05A323981C0400D92D76 /* ResponseError.swift */; };
		423F05A623981D6F00D92D76 /* ResponseErrorBuilder.swift in Sources */ = {isa = PBXBuildFile; fileRef = 423F05A523981D6F00D92D76 /* ResponseErrorBuilder.swift */; };
		4250E5F323845A5600369FBC /* Signup.storyboard in Resources */ = {isa = PBXBuildFile; fileRef = 4250E5F223845A5600369FBC /* Signup.storyboard */; };
		4250E5F723845C3B00369FBC /* SignupController.swift in Sources */ = {isa = PBXBuildFile; fileRef = 4250E5F623845C3B00369FBC /* SignupController.swift */; };
		425F5C6A23A2B40E00B09368 /* ContentProviderFactory.swift in Sources */ = {isa = PBXBuildFile; fileRef = 425F5C6923A2B40E00B09368 /* ContentProviderFactory.swift */; };
		42A9BAF923928569009C1912 /* Alerter.swift in Sources */ = {isa = PBXBuildFile; fileRef = 42A9BAF823928569009C1912 /* Alerter.swift */; };
		42A9BAFB23929173009C1912 /* JsonResponse.swift in Sources */ = {isa = PBXBuildFile; fileRef = 42A9BAFA23929173009C1912 /* JsonResponse.swift */; };
		42A9BAFD239293FD009C1912 /* RegisterService.swift in Sources */ = {isa = PBXBuildFile; fileRef = 42A9BAFC239293FD009C1912 /* RegisterService.swift */; };
		42B47C192385B288002C554F /* UserPost.swift in Sources */ = {isa = PBXBuildFile; fileRef = 42B47C182385B288002C554F /* UserPost.swift */; };
		D0655947A9CF0CDD85866E29 /* Pods_AIR1912.framework in Frameworks */ = {isa = PBXBuildFile; fileRef = 0702C62035766E8AC911DBD4 /* Pods_AIR1912.framework */; };
		ED156F2923A3D1EA0085BB2D /* EventsViewController.swift in Sources */ = {isa = PBXBuildFile; fileRef = ED156F2823A3D1EA0085BB2D /* EventsViewController.swift */; };
		ED156F2B23A3D2680085BB2D /* EventCollectionViewCell.swift in Sources */ = {isa = PBXBuildFile; fileRef = ED156F2A23A3D2680085BB2D /* EventCollectionViewCell.swift */; };
		ED156F2D23A3DC280085BB2D /* WebEventProvider.swift in Sources */ = {isa = PBXBuildFile; fileRef = ED156F2C23A3DC280085BB2D /* WebEventProvider.swift */; };
		ED156F2F23A3DCF60085BB2D /* Event.swift in Sources */ = {isa = PBXBuildFile; fileRef = ED156F2E23A3DCF60085BB2D /* Event.swift */; };
		ED156F3D23A40CF90085BB2D /* Content.swift in Sources */ = {isa = PBXBuildFile; fileRef = ED156F3C23A40CF90085BB2D /* Content.swift */; };
		ED156F4323A517380085BB2D /* DBContentProvider.swift in Sources */ = {isa = PBXBuildFile; fileRef = ED156F4223A517380085BB2D /* DBContentProvider.swift */; };
		ED156F4523A5174F0085BB2D /* DBMovieProvider.swift in Sources */ = {isa = PBXBuildFile; fileRef = ED156F4423A5174F0085BB2D /* DBMovieProvider.swift */; };
		ED156F4723A5175F0085BB2D /* DBGameProvider.swift in Sources */ = {isa = PBXBuildFile; fileRef = ED156F4623A5175F0085BB2D /* DBGameProvider.swift */; };
		ED35F611237560D8009ED574 /* AppDelegate.swift in Sources */ = {isa = PBXBuildFile; fileRef = ED35F610237560D8009ED574 /* AppDelegate.swift */; };
		ED35F613237560D8009ED574 /* SceneDelegate.swift in Sources */ = {isa = PBXBuildFile; fileRef = ED35F612237560D8009ED574 /* SceneDelegate.swift */; };
		ED35F61B237560D8009ED574 /* AIR1912.xcdatamodeld in Sources */ = {isa = PBXBuildFile; fileRef = ED35F619237560D8009ED574 /* AIR1912.xcdatamodeld */; };
		ED35F61D237560DC009ED574 /* Assets.xcassets in Resources */ = {isa = PBXBuildFile; fileRef = ED35F61C237560DC009ED574 /* Assets.xcassets */; };
		ED35F620237560DC009ED574 /* LaunchScreen.storyboard in Resources */ = {isa = PBXBuildFile; fileRef = ED35F61E237560DC009ED574 /* LaunchScreen.storyboard */; };
		ED52876B2385A02700848D66 /* ForgotPassword.storyboard in Resources */ = {isa = PBXBuildFile; fileRef = ED52876A2385A02700848D66 /* ForgotPassword.storyboard */; };
		ED52876D2385A04000848D66 /* ForgotPasswordViewController.swift in Sources */ = {isa = PBXBuildFile; fileRef = ED52876C2385A04000848D66 /* ForgotPasswordViewController.swift */; };
		ED52876F2385A2F100848D66 /* RecoverPassService.swift in Sources */ = {isa = PBXBuildFile; fileRef = ED52876E2385A2F100848D66 /* RecoverPassService.swift */; };
		ED5287712385AE9C00848D66 /* RecoverPassCodes.swift in Sources */ = {isa = PBXBuildFile; fileRef = ED5287702385AE9C00848D66 /* RecoverPassCodes.swift */; };
		EDB57AA4238EA4430032DC9E /* MapsController.swift in Sources */ = {isa = PBXBuildFile; fileRef = EDB57AA3238EA4430032DC9E /* MapsController.swift */; };
		EDB57AA6238EA4920032DC9E /* Maps.storyboard in Resources */ = {isa = PBXBuildFile; fileRef = EDB57AA5238EA4920032DC9E /* Maps.storyboard */; };
		EDB57AA8238EA6700032DC9E /* HomeSreenTabBarController.swift in Sources */ = {isa = PBXBuildFile; fileRef = EDB57AA7238EA6700032DC9E /* HomeSreenTabBarController.swift */; };
		EDB57AAD238EA8E40032DC9E /* SearchController.swift in Sources */ = {isa = PBXBuildFile; fileRef = EDB57AAC238EA8E40032DC9E /* SearchController.swift */; };
		EDB57AB0238EAA750032DC9E /* Favourites.storyboard in Resources */ = {isa = PBXBuildFile; fileRef = EDB57AAF238EAA750032DC9E /* Favourites.storyboard */; };
		EDB57AB2238EAB060032DC9E /* FavouritesViewController.swift in Sources */ = {isa = PBXBuildFile; fileRef = EDB57AB1238EAB060032DC9E /* FavouritesViewController.swift */; };
		EDB57AB5238EAB910032DC9E /* UserProfile.storyboard in Resources */ = {isa = PBXBuildFile; fileRef = EDB57AB4238EAB910032DC9E /* UserProfile.storyboard */; };
		EDBE0169237F1B2000F15CE5 /* MainViewController.swift in Sources */ = {isa = PBXBuildFile; fileRef = EDBE0167237F1B2000F15CE5 /* MainViewController.swift */; };
		EDBE016A237F1B2000F15CE5 /* Main.storyboard in Resources */ = {isa = PBXBuildFile; fileRef = EDBE0168237F1B2000F15CE5 /* Main.storyboard */; };
		EDCA57DC23845B03002C3AE1 /* LoginViewController.swift in Sources */ = {isa = PBXBuildFile; fileRef = EDCA57DA23845B03002C3AE1 /* LoginViewController.swift */; };
		EDCA57DD23845B03002C3AE1 /* Login.storyboard in Resources */ = {isa = PBXBuildFile; fileRef = EDCA57DB23845B03002C3AE1 /* Login.storyboard */; };
		EDCA57E023846228002C3AE1 /* Homescreen.storyboard in Resources */ = {isa = PBXBuildFile; fileRef = EDCA57DF23846228002C3AE1 /* Homescreen.storyboard */; };
		EDCDA01B23A2860000E28223 /* Search.storyboard in Resources */ = {isa = PBXBuildFile; fileRef = EDCDA01A23A2860000E28223 /* Search.storyboard */; };
		EDE3EF8A239E41BE001BD61A /* EventDetails.storyboard in Resources */ = {isa = PBXBuildFile; fileRef = EDE3EF89239E41BE001BD61A /* EventDetails.storyboard */; };
		EDE3EF8C239E41DA001BD61A /* EventDetailsViewController.swift in Sources */ = {isa = PBXBuildFile; fileRef = EDE3EF8B239E41DA001BD61A /* EventDetailsViewController.swift */; };
		EDE3EF8F239EEB4F001BD61A /* ImageBlur.swift in Sources */ = {isa = PBXBuildFile; fileRef = EDE3EF8E239EEB4F001BD61A /* ImageBlur.swift */; };
		EDFD7E7E239107430028C4D5 /* UserProfileViewController.swift in Sources */ = {isa = PBXBuildFile; fileRef = EDFD7E7D239107430028C4D5 /* UserProfileViewController.swift */; };
		EDFD7E8223910EAD0028C4D5 /* UserKeychain.swift in Sources */ = {isa = PBXBuildFile; fileRef = EDFD7E8123910EAD0028C4D5 /* UserKeychain.swift */; };
/* End PBXBuildFile section */

/* Begin PBXFileReference section */
		0702C62035766E8AC911DBD4 /* Pods_AIR1912.framework */ = {isa = PBXFileReference; explicitFileType = wrapper.framework; includeInIndex = 0; path = Pods_AIR1912.framework; sourceTree = BUILT_PRODUCTS_DIR; };
		4212CC002385ACD300C53210 /* Game.swift */ = {isa = PBXFileReference; lastKnownFileType = sourcecode.swift; path = Game.swift; sourceTree = "<group>"; };
		421991772394130000CCAA89 /* ContentCollectionViewCell.swift */ = {isa = PBXFileReference; lastKnownFileType = sourcecode.swift; path = ContentCollectionViewCell.swift; sourceTree = "<group>"; };
		42199179239413F800CCAA89 /* ContentViewController.swift */ = {isa = PBXFileReference; lastKnownFileType = sourcecode.swift; path = ContentViewController.swift; sourceTree = "<group>"; };
		421D5CA2237DC3CC00C8AD1F /* User.swift */ = {isa = PBXFileReference; lastKnownFileType = sourcecode.swift; path = User.swift; sourceTree = "<group>"; };
		421D5CA6237DCC6F00C8AD1F /* AuthService.swift */ = {isa = PBXFileReference; lastKnownFileType = sourcecode.swift; path = AuthService.swift; sourceTree = "<group>"; };
		421D5CA9237DD16C00C8AD1F /* MovieProvider.swift */ = {isa = PBXFileReference; lastKnownFileType = sourcecode.swift; path = MovieProvider.swift; sourceTree = "<group>"; };
		421D5CAB237DD17700C8AD1F /* GameProvider.swift */ = {isa = PBXFileReference; lastKnownFileType = sourcecode.swift; path = GameProvider.swift; sourceTree = "<group>"; };
		421D5CAD237DD18B00C8AD1F /* ContentProvider.swift */ = {isa = PBXFileReference; lastKnownFileType = sourcecode.swift; path = ContentProvider.swift; sourceTree = "<group>"; };
		421D5CAF237DD2D100C8AD1F /* Movie.swift */ = {isa = PBXFileReference; lastKnownFileType = sourcecode.swift; path = Movie.swift; sourceTree = "<group>"; };
		4221044E23902546005B1B25 /* Encodable.swift */ = {isa = PBXFileReference; lastKnownFileType = sourcecode.swift; path = Encodable.swift; sourceTree = "<group>"; };
		423F05A323981C0400D92D76 /* ResponseError.swift */ = {isa = PBXFileReference; lastKnownFileType = sourcecode.swift; path = ResponseError.swift; sourceTree = "<group>"; };
		423F05A523981D6F00D92D76 /* ResponseErrorBuilder.swift */ = {isa = PBXFileReference; lastKnownFileType = sourcecode.swift; path = ResponseErrorBuilder.swift; sourceTree = "<group>"; };
		4250E5F223845A5600369FBC /* Signup.storyboard */ = {isa = PBXFileReference; lastKnownFileType = file.storyboard; path = Signup.storyboard; sourceTree = "<group>"; };
		4250E5F623845C3B00369FBC /* SignupController.swift */ = {isa = PBXFileReference; lastKnownFileType = sourcecode.swift; path = SignupController.swift; sourceTree = "<group>"; };
		425F5C6923A2B40E00B09368 /* ContentProviderFactory.swift */ = {isa = PBXFileReference; lastKnownFileType = sourcecode.swift; path = ContentProviderFactory.swift; sourceTree = "<group>"; };
		42A9BAF823928569009C1912 /* Alerter.swift */ = {isa = PBXFileReference; lastKnownFileType = sourcecode.swift; path = Alerter.swift; sourceTree = "<group>"; };
		42A9BAFA23929173009C1912 /* JsonResponse.swift */ = {isa = PBXFileReference; lastKnownFileType = sourcecode.swift; path = JsonResponse.swift; sourceTree = "<group>"; };
		42A9BAFC239293FD009C1912 /* RegisterService.swift */ = {isa = PBXFileReference; lastKnownFileType = sourcecode.swift; path = RegisterService.swift; sourceTree = "<group>"; };
		42B47C182385B288002C554F /* UserPost.swift */ = {isa = PBXFileReference; lastKnownFileType = sourcecode.swift; path = UserPost.swift; sourceTree = "<group>"; };
		949424CDCE90C8DF2A9D94EF /* Pods-AIR1912.release.xcconfig */ = {isa = PBXFileReference; includeInIndex = 1; lastKnownFileType = text.xcconfig; name = "Pods-AIR1912.release.xcconfig"; path = "Target Support Files/Pods-AIR1912/Pods-AIR1912.release.xcconfig"; sourceTree = "<group>"; };
		CD0D060BD77CBC12E7F44CDE /* Pods-AIR1912.debug.xcconfig */ = {isa = PBXFileReference; includeInIndex = 1; lastKnownFileType = text.xcconfig; name = "Pods-AIR1912.debug.xcconfig"; path = "Target Support Files/Pods-AIR1912/Pods-AIR1912.debug.xcconfig"; sourceTree = "<group>"; };
		ED156F2823A3D1EA0085BB2D /* EventsViewController.swift */ = {isa = PBXFileReference; lastKnownFileType = sourcecode.swift; path = EventsViewController.swift; sourceTree = "<group>"; };
		ED156F2A23A3D2680085BB2D /* EventCollectionViewCell.swift */ = {isa = PBXFileReference; lastKnownFileType = sourcecode.swift; path = EventCollectionViewCell.swift; sourceTree = "<group>"; };
		ED156F2C23A3DC280085BB2D /* WebEventProvider.swift */ = {isa = PBXFileReference; lastKnownFileType = sourcecode.swift; path = WebEventProvider.swift; sourceTree = "<group>"; };
		ED156F2E23A3DCF60085BB2D /* Event.swift */ = {isa = PBXFileReference; lastKnownFileType = sourcecode.swift; path = Event.swift; sourceTree = "<group>"; };
		ED156F3C23A40CF90085BB2D /* Content.swift */ = {isa = PBXFileReference; lastKnownFileType = sourcecode.swift; path = Content.swift; sourceTree = "<group>"; };
		ED156F4223A517380085BB2D /* DBContentProvider.swift */ = {isa = PBXFileReference; lastKnownFileType = sourcecode.swift; path = DBContentProvider.swift; sourceTree = "<group>"; };
		ED156F4423A5174F0085BB2D /* DBMovieProvider.swift */ = {isa = PBXFileReference; lastKnownFileType = sourcecode.swift; path = DBMovieProvider.swift; sourceTree = "<group>"; };
		ED156F4623A5175F0085BB2D /* DBGameProvider.swift */ = {isa = PBXFileReference; lastKnownFileType = sourcecode.swift; path = DBGameProvider.swift; sourceTree = "<group>"; };
		ED35F60D237560D8009ED574 /* AIR1912.app */ = {isa = PBXFileReference; explicitFileType = wrapper.application; includeInIndex = 0; path = AIR1912.app; sourceTree = BUILT_PRODUCTS_DIR; };
		ED35F610237560D8009ED574 /* AppDelegate.swift */ = {isa = PBXFileReference; lastKnownFileType = sourcecode.swift; path = AppDelegate.swift; sourceTree = "<group>"; };
		ED35F612237560D8009ED574 /* SceneDelegate.swift */ = {isa = PBXFileReference; lastKnownFileType = sourcecode.swift; path = SceneDelegate.swift; sourceTree = "<group>"; };
		ED35F61A237560D8009ED574 /* AIR1912.xcdatamodel */ = {isa = PBXFileReference; lastKnownFileType = wrapper.xcdatamodel; path = AIR1912.xcdatamodel; sourceTree = "<group>"; };
		ED35F61C237560DC009ED574 /* Assets.xcassets */ = {isa = PBXFileReference; lastKnownFileType = folder.assetcatalog; path = Assets.xcassets; sourceTree = "<group>"; };
		ED35F61F237560DC009ED574 /* Base */ = {isa = PBXFileReference; lastKnownFileType = file.storyboard; name = Base; path = Base.lproj/LaunchScreen.storyboard; sourceTree = "<group>"; };
		ED35F621237560DC009ED574 /* Info.plist */ = {isa = PBXFileReference; lastKnownFileType = text.plist.xml; path = Info.plist; sourceTree = "<group>"; };
		ED52876A2385A02700848D66 /* ForgotPassword.storyboard */ = {isa = PBXFileReference; lastKnownFileType = file.storyboard; path = ForgotPassword.storyboard; sourceTree = "<group>"; };
		ED52876C2385A04000848D66 /* ForgotPasswordViewController.swift */ = {isa = PBXFileReference; lastKnownFileType = sourcecode.swift; path = ForgotPasswordViewController.swift; sourceTree = "<group>"; };
		ED52876E2385A2F100848D66 /* RecoverPassService.swift */ = {isa = PBXFileReference; lastKnownFileType = sourcecode.swift; path = RecoverPassService.swift; sourceTree = "<group>"; };
		ED5287702385AE9C00848D66 /* RecoverPassCodes.swift */ = {isa = PBXFileReference; lastKnownFileType = sourcecode.swift; path = RecoverPassCodes.swift; sourceTree = "<group>"; };
		EDB57AA3238EA4430032DC9E /* MapsController.swift */ = {isa = PBXFileReference; lastKnownFileType = sourcecode.swift; path = MapsController.swift; sourceTree = "<group>"; };
		EDB57AA5238EA4920032DC9E /* Maps.storyboard */ = {isa = PBXFileReference; lastKnownFileType = file.storyboard; path = Maps.storyboard; sourceTree = "<group>"; };
		EDB57AA7238EA6700032DC9E /* HomeSreenTabBarController.swift */ = {isa = PBXFileReference; lastKnownFileType = sourcecode.swift; path = HomeSreenTabBarController.swift; sourceTree = "<group>"; };
		EDB57AAC238EA8E40032DC9E /* SearchController.swift */ = {isa = PBXFileReference; lastKnownFileType = sourcecode.swift; path = SearchController.swift; sourceTree = "<group>"; };
		EDB57AAF238EAA750032DC9E /* Favourites.storyboard */ = {isa = PBXFileReference; lastKnownFileType = file.storyboard; path = Favourites.storyboard; sourceTree = "<group>"; };
		EDB57AB1238EAB060032DC9E /* FavouritesViewController.swift */ = {isa = PBXFileReference; lastKnownFileType = sourcecode.swift; path = FavouritesViewController.swift; sourceTree = "<group>"; };
		EDB57AB4238EAB910032DC9E /* UserProfile.storyboard */ = {isa = PBXFileReference; lastKnownFileType = file.storyboard; path = UserProfile.storyboard; sourceTree = "<group>"; };
		EDBE0167237F1B2000F15CE5 /* MainViewController.swift */ = {isa = PBXFileReference; fileEncoding = 4; lastKnownFileType = sourcecode.swift; path = MainViewController.swift; sourceTree = "<group>"; };
		EDBE0168237F1B2000F15CE5 /* Main.storyboard */ = {isa = PBXFileReference; fileEncoding = 4; lastKnownFileType = file.storyboard; path = Main.storyboard; sourceTree = "<group>"; };
		EDCA57DA23845B03002C3AE1 /* LoginViewController.swift */ = {isa = PBXFileReference; fileEncoding = 4; lastKnownFileType = sourcecode.swift; path = LoginViewController.swift; sourceTree = "<group>"; };
		EDCA57DB23845B03002C3AE1 /* Login.storyboard */ = {isa = PBXFileReference; fileEncoding = 4; lastKnownFileType = file.storyboard; path = Login.storyboard; sourceTree = "<group>"; };
		EDCA57DF23846228002C3AE1 /* Homescreen.storyboard */ = {isa = PBXFileReference; lastKnownFileType = file.storyboard; path = Homescreen.storyboard; sourceTree = "<group>"; };
		EDCDA01A23A2860000E28223 /* Search.storyboard */ = {isa = PBXFileReference; lastKnownFileType = file.storyboard; path = Search.storyboard; sourceTree = "<group>"; };
		EDE3EF89239E41BE001BD61A /* EventDetails.storyboard */ = {isa = PBXFileReference; lastKnownFileType = file.storyboard; path = EventDetails.storyboard; sourceTree = "<group>"; };
		EDE3EF8B239E41DA001BD61A /* EventDetailsViewController.swift */ = {isa = PBXFileReference; lastKnownFileType = sourcecode.swift; path = EventDetailsViewController.swift; sourceTree = "<group>"; };
		EDE3EF8E239EEB4F001BD61A /* ImageBlur.swift */ = {isa = PBXFileReference; lastKnownFileType = sourcecode.swift; path = ImageBlur.swift; sourceTree = "<group>"; };
		EDFD7E7D239107430028C4D5 /* UserProfileViewController.swift */ = {isa = PBXFileReference; lastKnownFileType = sourcecode.swift; path = UserProfileViewController.swift; sourceTree = "<group>"; };
		EDFD7E8123910EAD0028C4D5 /* UserKeychain.swift */ = {isa = PBXFileReference; lastKnownFileType = sourcecode.swift; path = UserKeychain.swift; sourceTree = "<group>"; };
/* End PBXFileReference section */

/* Begin PBXFrameworksBuildPhase section */
		ED35F60A237560D8009ED574 /* Frameworks */ = {
			isa = PBXFrameworksBuildPhase;
			buildActionMask = 2147483647;
			files = (
				D0655947A9CF0CDD85866E29 /* Pods_AIR1912.framework in Frameworks */,
			);
			runOnlyForDeploymentPostprocessing = 0;
		};
/* End PBXFrameworksBuildPhase section */

/* Begin PBXGroup section */
		342B4F404C37ACA2F05AFD84 /* Frameworks */ = {
			isa = PBXGroup;
			children = (
				0702C62035766E8AC911DBD4 /* Pods_AIR1912.framework */,
			);
			name = Frameworks;
			sourceTree = "<group>";
		};
		421D5CA0237DC3A400C8AD1F /* Common */ = {
			isa = PBXGroup;
			children = (
				EDE3EF8D239EEB2C001BD61A /* Utilites */,
				423F05A0239681E000D92D76 /* ModuleSwitching */,
				42A9BAF7239284FD009C1912 /* ErrorHandling */,
				4221044D23902528005B1B25 /* Extensions */,
				421D5CA4237DCC5700C8AD1F /* Services */,
				421D5CA1237DC3BD00C8AD1F /* Models */,
			);
			path = Common;
			sourceTree = "<group>";
		};
		421D5CA1237DC3BD00C8AD1F /* Models */ = {
			isa = PBXGroup;
			children = (
				42A9BAFA23929173009C1912 /* JsonResponse.swift */,
				421D5CA2237DC3CC00C8AD1F /* User.swift */,
				421D5CAF237DD2D100C8AD1F /* Movie.swift */,
				4212CC002385ACD300C53210 /* Game.swift */,
				ED5287702385AE9C00848D66 /* RecoverPassCodes.swift */,
				42B47C182385B288002C554F /* UserPost.swift */,
				ED156F2E23A3DCF60085BB2D /* Event.swift */,
				ED156F3C23A40CF90085BB2D /* Content.swift */,
			);
			path = Models;
			sourceTree = "<group>";
		};
		421D5CA4237DCC5700C8AD1F /* Services */ = {
			isa = PBXGroup;
			children = (
				EDFD7E8023910E6C0028C4D5 /* Keychain */,
				421D5CA8237DD15700C8AD1F /* Providers */,
				421D5CA5237DCC5E00C8AD1F /* Auth */,
			);
			path = Services;
			sourceTree = "<group>";
		};
		421D5CA5237DCC5E00C8AD1F /* Auth */ = {
			isa = PBXGroup;
			children = (
				421D5CA6237DCC6F00C8AD1F /* AuthService.swift */,
				ED52876E2385A2F100848D66 /* RecoverPassService.swift */,
				42A9BAFC239293FD009C1912 /* RegisterService.swift */,
			);
			path = Auth;
			sourceTree = "<group>";
		};
		421D5CA8237DD15700C8AD1F /* Providers */ = {
			isa = PBXGroup;
			children = (
				ED156F3B23A405C70085BB2D /* API */,
				ED156F3A23A405BE0085BB2D /* WebService */,
			);
			path = Providers;
			sourceTree = "<group>";
		};
		4221044D23902528005B1B25 /* Extensions */ = {
			isa = PBXGroup;
			children = (
				4221044E23902546005B1B25 /* Encodable.swift */,
			);
			path = Extensions;
			sourceTree = "<group>";
		};
		423F05A0239681E000D92D76 /* ModuleSwitching */ = {
			isa = PBXGroup;
			children = (
			);
			path = ModuleSwitching;
			sourceTree = "<group>";
		};
		4250E5F123845A0900369FBC /* SignUp */ = {
			isa = PBXGroup;
			children = (
				4250E5F223845A5600369FBC /* Signup.storyboard */,
				4250E5F623845C3B00369FBC /* SignupController.swift */,
			);
			path = SignUp;
			sourceTree = "<group>";
		};
		42A9BAF7239284FD009C1912 /* ErrorHandling */ = {
			isa = PBXGroup;
			children = (
				42A9BAF823928569009C1912 /* Alerter.swift */,
				423F05A323981C0400D92D76 /* ResponseError.swift */,
				423F05A523981D6F00D92D76 /* ResponseErrorBuilder.swift */,
			);
			path = ErrorHandling;
			sourceTree = "<group>";
		};
		D4599444072A6E24183574A5 /* Pods */ = {
			isa = PBXGroup;
			children = (
				CD0D060BD77CBC12E7F44CDE /* Pods-AIR1912.debug.xcconfig */,
				949424CDCE90C8DF2A9D94EF /* Pods-AIR1912.release.xcconfig */,
			);
			path = Pods;
			sourceTree = "<group>";
		};
		ED13FF5123788B9400E3402C /* Resources */ = {
			isa = PBXGroup;
			children = (
				ED35F61C237560DC009ED574 /* Assets.xcassets */,
				ED35F619237560D8009ED574 /* AIR1912.xcdatamodeld */,
				ED35F621237560DC009ED574 /* Info.plist */,
				ED13FF5223788BC100E3402C /* Storyboards */,
			);
			path = Resources;
			sourceTree = "<group>";
		};
		ED13FF5223788BC100E3402C /* Storyboards */ = {
			isa = PBXGroup;
			children = (
				ED35F61E237560DC009ED574 /* LaunchScreen.storyboard */,
			);
			path = Storyboards;
			sourceTree = "<group>";
		};
		ED156F3A23A405BE0085BB2D /* WebService */ = {
			isa = PBXGroup;
			children = (
				ED156F4123A5171F0085BB2D /* ContentProvider */,
				ED156F4023A5170E0085BB2D /* EventProvider */,
			);
			path = WebService;
			sourceTree = "<group>";
		};
		ED156F3B23A405C70085BB2D /* API */ = {
			isa = PBXGroup;
			children = (
				421D5CAD237DD18B00C8AD1F /* ContentProvider.swift */,
				421D5CA9237DD16C00C8AD1F /* MovieProvider.swift */,
				421D5CAB237DD17700C8AD1F /* GameProvider.swift */,
				425F5C6923A2B40E00B09368 /* ContentProviderFactory.swift */,
			);
			path = API;
			sourceTree = "<group>";
		};
		ED156F4023A5170E0085BB2D /* EventProvider */ = {
			isa = PBXGroup;
			children = (
				ED156F2C23A3DC280085BB2D /* WebEventProvider.swift */,
			);
			path = EventProvider;
			sourceTree = "<group>";
		};
		ED156F4123A5171F0085BB2D /* ContentProvider */ = {
			isa = PBXGroup;
			children = (
				ED156F4223A517380085BB2D /* DBContentProvider.swift */,
				ED156F4423A5174F0085BB2D /* DBMovieProvider.swift */,
				ED156F4623A5175F0085BB2D /* DBGameProvider.swift */,
			);
			path = ContentProvider;
			sourceTree = "<group>";
		};
		ED35F604237560D8009ED574 = {
			isa = PBXGroup;
			children = (
				ED35F60F237560D8009ED574 /* AIR1912 */,
				ED35F60E237560D8009ED574 /* Products */,
				D4599444072A6E24183574A5 /* Pods */,
				342B4F404C37ACA2F05AFD84 /* Frameworks */,
			);
			sourceTree = "<group>";
		};
		ED35F60E237560D8009ED574 /* Products */ = {
			isa = PBXGroup;
			children = (
				ED35F60D237560D8009ED574 /* AIR1912.app */,
			);
			name = Products;
			sourceTree = "<group>";
		};
		ED35F60F237560D8009ED574 /* AIR1912 */ = {
			isa = PBXGroup;
			children = (
				421D5CA0237DC3A400C8AD1F /* Common */,
				ED3F51E22375616500A2F370 /* App */,
				ED56B4ED2375672E00BD4821 /* Modules */,
				ED13FF5123788B9400E3402C /* Resources */,
			);
			path = AIR1912;
			sourceTree = "<group>";
		};
		ED3F51E22375616500A2F370 /* App */ = {
			isa = PBXGroup;
			children = (
				ED35F610237560D8009ED574 /* AppDelegate.swift */,
				ED35F612237560D8009ED574 /* SceneDelegate.swift */,
			);
			path = App;
			sourceTree = "<group>";
		};
		ED3F51E52375622200A2F370 /* Login */ = {
			isa = PBXGroup;
			children = (
				EDCA57DB23845B03002C3AE1 /* Login.storyboard */,
				EDCA57DA23845B03002C3AE1 /* LoginViewController.swift */,
			);
			path = Login;
			sourceTree = "<group>";
		};
		ED3F51E72375623200A2F370 /* Tutorial */ = {
			isa = PBXGroup;
			children = (
			);
			path = Tutorial;
			sourceTree = "<group>";
		};
		ED52876923859FFA00848D66 /* ForgotPassword */ = {
			isa = PBXGroup;
			children = (
				ED52876A2385A02700848D66 /* ForgotPassword.storyboard */,
				ED52876C2385A04000848D66 /* ForgotPasswordViewController.swift */,
			);
			path = ForgotPassword;
			sourceTree = "<group>";
		};
		ED56B4ED2375672E00BD4821 /* Modules */ = {
			isa = PBXGroup;
			children = (
				EDE3EF88239E4199001BD61A /* EventCRUD */,
				EDE3EF87239E4184001BD61A /* EventDetails */,
				EDB57AB3238EAB850032DC9E /* UserProfile */,
				EDB57AAE238EAA650032DC9E /* Favourites */,
				EDB57AA9238EA7E90032DC9E /* Search */,
				EDB57AA2238EA4180032DC9E /* Maps */,
				ED52876923859FFA00848D66 /* ForgotPassword */,
				EDCA57DE23846201002C3AE1 /* HomeScreen */,
				4250E5F123845A0900369FBC /* SignUp */,
				EDBE0166237F198D00F15CE5 /* InitialScreen */,
				ED3F51E72375623200A2F370 /* Tutorial */,
				ED3F51E52375622200A2F370 /* Login */,
			);
			path = Modules;
			sourceTree = "<group>";
		};
		EDB57AA2238EA4180032DC9E /* Maps */ = {
			isa = PBXGroup;
			children = (
				EDB57AA3238EA4430032DC9E /* MapsController.swift */,
				EDB57AA5238EA4920032DC9E /* Maps.storyboard */,
			);
			path = Maps;
			sourceTree = "<group>";
		};
		EDB57AA9238EA7E90032DC9E /* Search */ = {
			isa = PBXGroup;
			children = (
				EDB57AAC238EA8E40032DC9E /* SearchController.swift */,
				42199179239413F800CCAA89 /* ContentViewController.swift */,
				421991772394130000CCAA89 /* ContentCollectionViewCell.swift */,
				EDCDA01A23A2860000E28223 /* Search.storyboard */,
			);
			path = Search;
			sourceTree = "<group>";
		};
		EDB57AAE238EAA650032DC9E /* Favourites */ = {
			isa = PBXGroup;
			children = (
				EDB57AAF238EAA750032DC9E /* Favourites.storyboard */,
				EDB57AB1238EAB060032DC9E /* FavouritesViewController.swift */,
			);
			path = Favourites;
			sourceTree = "<group>";
		};
		EDB57AB3238EAB850032DC9E /* UserProfile */ = {
			isa = PBXGroup;
			children = (
				EDB57AB4238EAB910032DC9E /* UserProfile.storyboard */,
				EDFD7E7D239107430028C4D5 /* UserProfileViewController.swift */,
			);
			path = UserProfile;
			sourceTree = "<group>";
		};
		EDBE0166237F198D00F15CE5 /* InitialScreen */ = {
			isa = PBXGroup;
			children = (
				EDBE0168237F1B2000F15CE5 /* Main.storyboard */,
				EDBE0167237F1B2000F15CE5 /* MainViewController.swift */,
			);
			path = InitialScreen;
			sourceTree = "<group>";
		};
		EDCA57DE23846201002C3AE1 /* HomeScreen */ = {
			isa = PBXGroup;
			children = (
				EDCA57DF23846228002C3AE1 /* Homescreen.storyboard */,
				EDB57AA7238EA6700032DC9E /* HomeSreenTabBarController.swift */,
				ED156F2823A3D1EA0085BB2D /* EventsViewController.swift */,
				ED156F2A23A3D2680085BB2D /* EventCollectionViewCell.swift */,
			);
			path = HomeScreen;
			sourceTree = "<group>";
		};
		EDE3EF87239E4184001BD61A /* EventDetails */ = {
			isa = PBXGroup;
			children = (
				EDE3EF89239E41BE001BD61A /* EventDetails.storyboard */,
				EDE3EF8B239E41DA001BD61A /* EventDetailsViewController.swift */,
			);
			path = EventDetails;
			sourceTree = "<group>";
		};
		EDE3EF88239E4199001BD61A /* EventCRUD */ = {
			isa = PBXGroup;
			children = (
			);
			path = EventCRUD;
			sourceTree = "<group>";
		};
		EDE3EF8D239EEB2C001BD61A /* Utilites */ = {
			isa = PBXGroup;
			children = (
				EDE3EF8E239EEB4F001BD61A /* ImageBlur.swift */,
			);
			path = Utilites;
			sourceTree = "<group>";
		};
		EDFD7E8023910E6C0028C4D5 /* Keychain */ = {
			isa = PBXGroup;
			children = (
				EDFD7E8123910EAD0028C4D5 /* UserKeychain.swift */,
			);
			path = Keychain;
			sourceTree = "<group>";
		};
/* End PBXGroup section */

/* Begin PBXNativeTarget section */
		ED35F60C237560D8009ED574 /* AIR1912 */ = {
			isa = PBXNativeTarget;
			buildConfigurationList = ED35F624237560DC009ED574 /* Build configuration list for PBXNativeTarget "AIR1912" */;
			buildPhases = (
				09F5056E942587DC053CF59B /* [CP] Check Pods Manifest.lock */,
				ED35F609237560D8009ED574 /* Sources */,
				ED35F60A237560D8009ED574 /* Frameworks */,
				ED35F60B237560D8009ED574 /* Resources */,
				634743414F3CBF3ABFD88DE5 /* [CP] Embed Pods Frameworks */,
			);
			buildRules = (
			);
			dependencies = (
			);
			name = AIR1912;
			productName = AIR1912;
			productReference = ED35F60D237560D8009ED574 /* AIR1912.app */;
			productType = "com.apple.product-type.application";
		};
/* End PBXNativeTarget section */

/* Begin PBXProject section */
		ED35F605237560D8009ED574 /* Project object */ = {
			isa = PBXProject;
			attributes = {
				LastSwiftUpdateCheck = 1120;
				LastUpgradeCheck = 1120;
				ORGANIZATIONNAME = "Leo Leljak";
				TargetAttributes = {
					ED35F60C237560D8009ED574 = {
						CreatedOnToolsVersion = 11.2;
					};
				};
			};
			buildConfigurationList = ED35F608237560D8009ED574 /* Build configuration list for PBXProject "AIR1912" */;
			compatibilityVersion = "Xcode 9.3";
			developmentRegion = en;
			hasScannedForEncodings = 0;
			knownRegions = (
				en,
				Base,
			);
			mainGroup = ED35F604237560D8009ED574;
			productRefGroup = ED35F60E237560D8009ED574 /* Products */;
			projectDirPath = "";
			projectRoot = "";
			targets = (
				ED35F60C237560D8009ED574 /* AIR1912 */,
			);
		};
/* End PBXProject section */

/* Begin PBXResourcesBuildPhase section */
		ED35F60B237560D8009ED574 /* Resources */ = {
			isa = PBXResourcesBuildPhase;
			buildActionMask = 2147483647;
			files = (
				EDCA57DD23845B03002C3AE1 /* Login.storyboard in Resources */,
				ED35F620237560DC009ED574 /* LaunchScreen.storyboard in Resources */,
				ED35F61D237560DC009ED574 /* Assets.xcassets in Resources */,
				EDCA57E023846228002C3AE1 /* Homescreen.storyboard in Resources */,
				EDB57AB0238EAA750032DC9E /* Favourites.storyboard in Resources */,
				EDE3EF8A239E41BE001BD61A /* EventDetails.storyboard in Resources */,
				ED52876B2385A02700848D66 /* ForgotPassword.storyboard in Resources */,
				4250E5F323845A5600369FBC /* Signup.storyboard in Resources */,
				EDCDA01B23A2860000E28223 /* Search.storyboard in Resources */,
				EDBE016A237F1B2000F15CE5 /* Main.storyboard in Resources */,
				EDB57AA6238EA4920032DC9E /* Maps.storyboard in Resources */,
				EDB57AB5238EAB910032DC9E /* UserProfile.storyboard in Resources */,
			);
			runOnlyForDeploymentPostprocessing = 0;
		};
/* End PBXResourcesBuildPhase section */

/* Begin PBXShellScriptBuildPhase section */
		09F5056E942587DC053CF59B /* [CP] Check Pods Manifest.lock */ = {
			isa = PBXShellScriptBuildPhase;
			buildActionMask = 2147483647;
			files = (
			);
			inputFileListPaths = (
			);
			inputPaths = (
				"${PODS_PODFILE_DIR_PATH}/Podfile.lock",
				"${PODS_ROOT}/Manifest.lock",
			);
			name = "[CP] Check Pods Manifest.lock";
			outputFileListPaths = (
			);
			outputPaths = (
				"$(DERIVED_FILE_DIR)/Pods-AIR1912-checkManifestLockResult.txt",
			);
			runOnlyForDeploymentPostprocessing = 0;
			shellPath = /bin/sh;
			shellScript = "diff \"${PODS_PODFILE_DIR_PATH}/Podfile.lock\" \"${PODS_ROOT}/Manifest.lock\" > /dev/null\nif [ $? != 0 ] ; then\n    # print error to STDERR\n    echo \"error: The sandbox is not in sync with the Podfile.lock. Run 'pod install' or update your CocoaPods installation.\" >&2\n    exit 1\nfi\n# This output is used by Xcode 'outputs' to avoid re-running this script phase.\necho \"SUCCESS\" > \"${SCRIPT_OUTPUT_FILE_0}\"\n";
			showEnvVarsInLog = 0;
		};
		634743414F3CBF3ABFD88DE5 /* [CP] Embed Pods Frameworks */ = {
			isa = PBXShellScriptBuildPhase;
			buildActionMask = 2147483647;
			files = (
			);
			inputFileListPaths = (
				"${PODS_ROOT}/Target Support Files/Pods-AIR1912/Pods-AIR1912-frameworks-${CONFIGURATION}-input-files.xcfilelist",
			);
			name = "[CP] Embed Pods Frameworks";
			outputFileListPaths = (
				"${PODS_ROOT}/Target Support Files/Pods-AIR1912/Pods-AIR1912-frameworks-${CONFIGURATION}-output-files.xcfilelist",
			);
			runOnlyForDeploymentPostprocessing = 0;
			shellPath = /bin/sh;
			shellScript = "\"${PODS_ROOT}/Target Support Files/Pods-AIR1912/Pods-AIR1912-frameworks.sh\"\n";
			showEnvVarsInLog = 0;
		};
/* End PBXShellScriptBuildPhase section */

/* Begin PBXSourcesBuildPhase section */
		ED35F609237560D8009ED574 /* Sources */ = {
			isa = PBXSourcesBuildPhase;
			buildActionMask = 2147483647;
			files = (
				EDCA57DC23845B03002C3AE1 /* LoginViewController.swift in Sources */,
				425F5C6A23A2B40E00B09368 /* ContentProviderFactory.swift in Sources */,
				ED35F61B237560D8009ED574 /* AIR1912.xcdatamodeld in Sources */,
				421D5CAC237DD17700C8AD1F /* GameProvider.swift in Sources */,
				42B47C192385B288002C554F /* UserPost.swift in Sources */,
				421D5CAE237DD18B00C8AD1F /* ContentProvider.swift in Sources */,
				ED156F3D23A40CF90085BB2D /* Content.swift in Sources */,
				EDBE0169237F1B2000F15CE5 /* MainViewController.swift in Sources */,
				4219917A239413F800CCAA89 /* ContentViewController.swift in Sources */,
				ED156F4723A5175F0085BB2D /* DBGameProvider.swift in Sources */,
				EDE3EF8F239EEB4F001BD61A /* ImageBlur.swift in Sources */,
				4219917A239413F800CCAA89 /* ContentViewController.swift in Sources */,
				42A9BAFB23929173009C1912 /* JsonResponse.swift in Sources */,
				ED52876F2385A2F100848D66 /* RecoverPassService.swift in Sources */,
				ED5287712385AE9C00848D66 /* RecoverPassCodes.swift in Sources */,
				4250E5F723845C3B00369FBC /* SignupController.swift in Sources */,
				ED156F2D23A3DC280085BB2D /* WebEventProvider.swift in Sources */,
				EDBE0169237F1B2000F15CE5 /* MainViewController.swift in Sources */,
				EDB57AAD238EA8E40032DC9E /* SearchController.swift in Sources */,
				ED52876F2385A2F100848D66 /* RecoverPassService.swift in Sources */,
				ED5287712385AE9C00848D66 /* RecoverPassCodes.swift in Sources */,
				4250E5F723845C3B00369FBC /* SignupController.swift in Sources */,
				EDB57AB2238EAB060032DC9E /* FavouritesViewController.swift in Sources */,
				421D5CB0237DD2D100C8AD1F /* Movie.swift in Sources */,
				ED35F611237560D8009ED574 /* AppDelegate.swift in Sources */,
				4212CC012385ACD300C53210 /* Game.swift in Sources */,
				421991782394130000CCAA89 /* ContentCollectionViewCell.swift in Sources */,
				EDB57AA8238EA6700032DC9E /* HomeSreenTabBarController.swift in Sources */,
				ED156F2F23A3DCF60085BB2D /* Event.swift in Sources */,
				421D5CAA237DD16C00C8AD1F /* MovieProvider.swift in Sources */,
				ED156F4523A5174F0085BB2D /* DBMovieProvider.swift in Sources */,
				42A9BAF923928569009C1912 /* Alerter.swift in Sources */,
				423F05A623981D6F00D92D76 /* ResponseErrorBuilder.swift in Sources */,
				EDFD7E7E239107430028C4D5 /* UserProfileViewController.swift in Sources */,
				EDE3EF8C239E41DA001BD61A /* EventDetailsViewController.swift in Sources */,
				42A9BAFD239293FD009C1912 /* RegisterService.swift in Sources */,
				ED52876D2385A04000848D66 /* ForgotPasswordViewController.swift in Sources */,
				421D5CA7237DCC6F00C8AD1F /* AuthService.swift in Sources */,
				423F05A423981C0400D92D76 /* ResponseError.swift in Sources */,
				ED156F2B23A3D2680085BB2D /* EventCollectionViewCell.swift in Sources */,
				4221044F23902546005B1B25 /* Encodable.swift in Sources */,
				ED156F4323A517380085BB2D /* DBContentProvider.swift in Sources */,
				EDFD7E8223910EAD0028C4D5 /* UserKeychain.swift in Sources */,
				421D5CA3237DC3CC00C8AD1F /* User.swift in Sources */,
				EDB57AA4238EA4430032DC9E /* MapsController.swift in Sources */,
				ED156F2923A3D1EA0085BB2D /* EventsViewController.swift in Sources */,
				ED35F613237560D8009ED574 /* SceneDelegate.swift in Sources */,
			);
			runOnlyForDeploymentPostprocessing = 0;
		};
/* End PBXSourcesBuildPhase section */

/* Begin PBXVariantGroup section */
		ED35F61E237560DC009ED574 /* LaunchScreen.storyboard */ = {
			isa = PBXVariantGroup;
			children = (
				ED35F61F237560DC009ED574 /* Base */,
			);
			name = LaunchScreen.storyboard;
			sourceTree = "<group>";
		};
/* End PBXVariantGroup section */

/* Begin XCBuildConfiguration section */
		ED35F622237560DC009ED574 /* Debug */ = {
			isa = XCBuildConfiguration;
			buildSettings = {
				ALWAYS_SEARCH_USER_PATHS = NO;
				CLANG_ANALYZER_NONNULL = YES;
				CLANG_ANALYZER_NUMBER_OBJECT_CONVERSION = YES_AGGRESSIVE;
				CLANG_CXX_LANGUAGE_STANDARD = "gnu++14";
				CLANG_CXX_LIBRARY = "libc++";
				CLANG_ENABLE_MODULES = YES;
				CLANG_ENABLE_OBJC_ARC = YES;
				CLANG_ENABLE_OBJC_WEAK = YES;
				CLANG_WARN_BLOCK_CAPTURE_AUTORELEASING = YES;
				CLANG_WARN_BOOL_CONVERSION = YES;
				CLANG_WARN_COMMA = YES;
				CLANG_WARN_CONSTANT_CONVERSION = YES;
				CLANG_WARN_DEPRECATED_OBJC_IMPLEMENTATIONS = YES;
				CLANG_WARN_DIRECT_OBJC_ISA_USAGE = YES_ERROR;
				CLANG_WARN_DOCUMENTATION_COMMENTS = YES;
				CLANG_WARN_EMPTY_BODY = YES;
				CLANG_WARN_ENUM_CONVERSION = YES;
				CLANG_WARN_INFINITE_RECURSION = YES;
				CLANG_WARN_INT_CONVERSION = YES;
				CLANG_WARN_NON_LITERAL_NULL_CONVERSION = YES;
				CLANG_WARN_OBJC_IMPLICIT_RETAIN_SELF = YES;
				CLANG_WARN_OBJC_LITERAL_CONVERSION = YES;
				CLANG_WARN_OBJC_ROOT_CLASS = YES_ERROR;
				CLANG_WARN_RANGE_LOOP_ANALYSIS = YES;
				CLANG_WARN_STRICT_PROTOTYPES = YES;
				CLANG_WARN_SUSPICIOUS_MOVE = YES;
				CLANG_WARN_UNGUARDED_AVAILABILITY = YES_AGGRESSIVE;
				CLANG_WARN_UNREACHABLE_CODE = YES;
				CLANG_WARN__DUPLICATE_METHOD_MATCH = YES;
				COPY_PHASE_STRIP = NO;
				DEBUG_INFORMATION_FORMAT = dwarf;
				ENABLE_STRICT_OBJC_MSGSEND = YES;
				ENABLE_TESTABILITY = YES;
				GCC_C_LANGUAGE_STANDARD = gnu11;
				GCC_DYNAMIC_NO_PIC = NO;
				GCC_NO_COMMON_BLOCKS = YES;
				GCC_OPTIMIZATION_LEVEL = 0;
				GCC_PREPROCESSOR_DEFINITIONS = (
					"DEBUG=1",
					"$(inherited)",
				);
				GCC_WARN_64_TO_32_BIT_CONVERSION = YES;
				GCC_WARN_ABOUT_RETURN_TYPE = YES_ERROR;
				GCC_WARN_UNDECLARED_SELECTOR = YES;
				GCC_WARN_UNINITIALIZED_AUTOS = YES_AGGRESSIVE;
				GCC_WARN_UNUSED_FUNCTION = YES;
				GCC_WARN_UNUSED_VARIABLE = YES;
				IPHONEOS_DEPLOYMENT_TARGET = 13.0;
				MTL_ENABLE_DEBUG_INFO = INCLUDE_SOURCE;
				MTL_FAST_MATH = YES;
				ONLY_ACTIVE_ARCH = YES;
				SDKROOT = iphoneos;
				SWIFT_ACTIVE_COMPILATION_CONDITIONS = DEBUG;
				SWIFT_OPTIMIZATION_LEVEL = "-Onone";
			};
			name = Debug;
		};
		ED35F623237560DC009ED574 /* Release */ = {
			isa = XCBuildConfiguration;
			buildSettings = {
				ALWAYS_SEARCH_USER_PATHS = NO;
				CLANG_ANALYZER_NONNULL = YES;
				CLANG_ANALYZER_NUMBER_OBJECT_CONVERSION = YES_AGGRESSIVE;
				CLANG_CXX_LANGUAGE_STANDARD = "gnu++14";
				CLANG_CXX_LIBRARY = "libc++";
				CLANG_ENABLE_MODULES = YES;
				CLANG_ENABLE_OBJC_ARC = YES;
				CLANG_ENABLE_OBJC_WEAK = YES;
				CLANG_WARN_BLOCK_CAPTURE_AUTORELEASING = YES;
				CLANG_WARN_BOOL_CONVERSION = YES;
				CLANG_WARN_COMMA = YES;
				CLANG_WARN_CONSTANT_CONVERSION = YES;
				CLANG_WARN_DEPRECATED_OBJC_IMPLEMENTATIONS = YES;
				CLANG_WARN_DIRECT_OBJC_ISA_USAGE = YES_ERROR;
				CLANG_WARN_DOCUMENTATION_COMMENTS = YES;
				CLANG_WARN_EMPTY_BODY = YES;
				CLANG_WARN_ENUM_CONVERSION = YES;
				CLANG_WARN_INFINITE_RECURSION = YES;
				CLANG_WARN_INT_CONVERSION = YES;
				CLANG_WARN_NON_LITERAL_NULL_CONVERSION = YES;
				CLANG_WARN_OBJC_IMPLICIT_RETAIN_SELF = YES;
				CLANG_WARN_OBJC_LITERAL_CONVERSION = YES;
				CLANG_WARN_OBJC_ROOT_CLASS = YES_ERROR;
				CLANG_WARN_RANGE_LOOP_ANALYSIS = YES;
				CLANG_WARN_STRICT_PROTOTYPES = YES;
				CLANG_WARN_SUSPICIOUS_MOVE = YES;
				CLANG_WARN_UNGUARDED_AVAILABILITY = YES_AGGRESSIVE;
				CLANG_WARN_UNREACHABLE_CODE = YES;
				CLANG_WARN__DUPLICATE_METHOD_MATCH = YES;
				COPY_PHASE_STRIP = NO;
				DEBUG_INFORMATION_FORMAT = "dwarf-with-dsym";
				ENABLE_NS_ASSERTIONS = NO;
				ENABLE_STRICT_OBJC_MSGSEND = YES;
				GCC_C_LANGUAGE_STANDARD = gnu11;
				GCC_NO_COMMON_BLOCKS = YES;
				GCC_WARN_64_TO_32_BIT_CONVERSION = YES;
				GCC_WARN_ABOUT_RETURN_TYPE = YES_ERROR;
				GCC_WARN_UNDECLARED_SELECTOR = YES;
				GCC_WARN_UNINITIALIZED_AUTOS = YES_AGGRESSIVE;
				GCC_WARN_UNUSED_FUNCTION = YES;
				GCC_WARN_UNUSED_VARIABLE = YES;
				IPHONEOS_DEPLOYMENT_TARGET = 13.0;
				MTL_ENABLE_DEBUG_INFO = NO;
				MTL_FAST_MATH = YES;
				SDKROOT = iphoneos;
				SWIFT_COMPILATION_MODE = wholemodule;
				SWIFT_OPTIMIZATION_LEVEL = "-O";
				VALIDATE_PRODUCT = YES;
			};
			name = Release;
		};
		ED35F625237560DC009ED574 /* Debug */ = {
			isa = XCBuildConfiguration;
			baseConfigurationReference = CD0D060BD77CBC12E7F44CDE /* Pods-AIR1912.debug.xcconfig */;
			buildSettings = {
				ASSETCATALOG_COMPILER_APPICON_NAME = AppIcon;
				CODE_SIGN_STYLE = Automatic;
				DEVELOPMENT_TEAM = THHFHC5J4D;
				INFOPLIST_FILE = AIR1912/Resources/Info.plist;
				LD_RUNPATH_SEARCH_PATHS = (
					"$(inherited)",
					"@executable_path/Frameworks",
				);
				PRODUCT_BUNDLE_IDENTIFIER = com.foi.AIR1912;
				PRODUCT_NAME = "$(TARGET_NAME)";
				SWIFT_VERSION = 5.0;
				TARGETED_DEVICE_FAMILY = "1,2";
			};
			name = Debug;
		};
		ED35F626237560DC009ED574 /* Release */ = {
			isa = XCBuildConfiguration;
			baseConfigurationReference = 949424CDCE90C8DF2A9D94EF /* Pods-AIR1912.release.xcconfig */;
			buildSettings = {
				ASSETCATALOG_COMPILER_APPICON_NAME = AppIcon;
				CODE_SIGN_STYLE = Automatic;
				DEVELOPMENT_TEAM = THHFHC5J4D;
				INFOPLIST_FILE = AIR1912/Resources/Info.plist;
				LD_RUNPATH_SEARCH_PATHS = (
					"$(inherited)",
					"@executable_path/Frameworks",
				);
				PRODUCT_BUNDLE_IDENTIFIER = com.foi.AIR1912;
				PRODUCT_NAME = "$(TARGET_NAME)";
				SWIFT_VERSION = 5.0;
				TARGETED_DEVICE_FAMILY = "1,2";
			};
			name = Release;
		};
/* End XCBuildConfiguration section */

/* Begin XCConfigurationList section */
		ED35F608237560D8009ED574 /* Build configuration list for PBXProject "AIR1912" */ = {
			isa = XCConfigurationList;
			buildConfigurations = (
				ED35F622237560DC009ED574 /* Debug */,
				ED35F623237560DC009ED574 /* Release */,
			);
			defaultConfigurationIsVisible = 0;
			defaultConfigurationName = Release;
		};
		ED35F624237560DC009ED574 /* Build configuration list for PBXNativeTarget "AIR1912" */ = {
			isa = XCConfigurationList;
			buildConfigurations = (
				ED35F625237560DC009ED574 /* Debug */,
				ED35F626237560DC009ED574 /* Release */,
			);
			defaultConfigurationIsVisible = 0;
			defaultConfigurationName = Release;
		};
/* End XCConfigurationList section */

/* Begin XCVersionGroup section */
		ED35F619237560D8009ED574 /* AIR1912.xcdatamodeld */ = {
			isa = XCVersionGroup;
			children = (
				ED35F61A237560D8009ED574 /* AIR1912.xcdatamodel */,
			);
			currentVersion = ED35F61A237560D8009ED574 /* AIR1912.xcdatamodel */;
			path = AIR1912.xcdatamodeld;
			sourceTree = "<group>";
			versionGroupType = wrapper.xcdatamodel;
		};
/* End XCVersionGroup section */
	};
	rootObject = ED35F605237560D8009ED574 /* Project object */;
}
